
Microsoft Visual Studio Solution File, Format Version 12.00
# Visual Studio Version 17
VisualStudioVersion = 17.4.33403.182
MinimumVisualStudioVersion = 10.0.40219.1
Project("{8BC9CEB8-8B4A-11D0-8D11-00A0C91BC942}") = "HW31.03.2023", "HW31.03.2023\HW31.03.2023.vcxproj", "{7AC996B6-BE67-43D5-9DFB-ABC219D7758B}"
EndProject
Project("{8BC9CEB8-8B4A-11D0-8D11-00A0C91BC942}") = "7.04.2023FACT", "7.04.23\7.04.23.vcxproj", "{60BE55D4-10B5-4A45-B4CD-5C9ED2E0596F}"
EndProject
Project("{8BC9CEB8-8B4A-11D0-8D11-00A0C91BC942}") = "7.04.23POWER", "7.04.23POWER\7.04.23POWER.vcxproj", "{4A0EB443-599C-45C1-8B2B-E86AAF80C44A}"
EndProject
Project("{8BC9CEB8-8B4A-11D0-8D11-00A0C91BC942}") = "7.04.2023ASCII", "7.04.2023ASCII\7.04.2023ASCII.vcxproj", "{0BEB2E9B-F68F-488B-8E61-DF2103C74A7A}"
EndProject
Project("{8BC9CEB8-8B4A-11D0-8D11-00A0C91BC942}") = "9.04.23", "9.04.23\9.04.23.vcxproj", "{21296459-2DE1-41EE-8DEF-E823A5DD12A1}"
EndProject
Project("{8BC9CEB8-8B4A-11D0-8D11-00A0C91BC942}") = "14.04.23", "14.04.23\14.04.23.vcxproj", "{9B0B9D4C-7244-4BC4-B847-7D71E1E2D5C9}"
EndProject
Project("{8BC9CEB8-8B4A-11D0-8D11-00A0C91BC942}") = "24,04,23", "24,04,23\24,04,23.vcxproj", "{6A307E10-761C-44EC-9262-0E9DFE57943F}"
EndProject
Project("{8BC9CEB8-8B4A-11D0-8D11-00A0C91BC942}") = "23,04,23", "23,04,23\23,04,23.vcxproj", "{59D560E7-907A-4FD3-B4EE-219F31025619}"
EndProject
Global
	GlobalSection(SolutionConfigurationPlatforms) = preSolution
		Debug|x64 = Debug|x64
		Debug|x86 = Debug|x86
		Release|x64 = Release|x64
		Release|x86 = Release|x86
	EndGlobalSection
	GlobalSection(ProjectConfigurationPlatforms) = postSolution
		{7AC996B6-BE67-43D5-9DFB-ABC219D7758B}.Debug|x64.ActiveCfg = Debug|x64
		{7AC996B6-BE67-43D5-9DFB-ABC219D7758B}.Debug|x64.Build.0 = Debug|x64
		{7AC996B6-BE67-43D5-9DFB-ABC219D7758B}.Debug|x86.ActiveCfg = Debug|Win32
		{7AC996B6-BE67-43D5-9DFB-ABC219D7758B}.Debug|x86.Build.0 = Debug|Win32
		{7AC996B6-BE67-43D5-9DFB-ABC219D7758B}.Release|x64.ActiveCfg = Release|x64
		{7AC996B6-BE67-43D5-9DFB-ABC219D7758B}.Release|x64.Build.0 = Release|x64
		{7AC996B6-BE67-43D5-9DFB-ABC219D7758B}.Release|x86.ActiveCfg = Release|Win32
		{7AC996B6-BE67-43D5-9DFB-ABC219D7758B}.Release|x86.Build.0 = Release|Win32
		{60BE55D4-10B5-4A45-B4CD-5C9ED2E0596F}.Debug|x64.ActiveCfg = Debug|x64
		{60BE55D4-10B5-4A45-B4CD-5C9ED2E0596F}.Debug|x64.Build.0 = Debug|x64
		{60BE55D4-10B5-4A45-B4CD-5C9ED2E0596F}.Debug|x86.ActiveCfg = Debug|Win32
		{60BE55D4-10B5-4A45-B4CD-5C9ED2E0596F}.Debug|x86.Build.0 = Debug|Win32
		{60BE55D4-10B5-4A45-B4CD-5C9ED2E0596F}.Release|x64.ActiveCfg = Release|x64
		{60BE55D4-10B5-4A45-B4CD-5C9ED2E0596F}.Release|x64.Build.0 = Release|x64
		{60BE55D4-10B5-4A45-B4CD-5C9ED2E0596F}.Release|x86.ActiveCfg = Release|Win32
		{60BE55D4-10B5-4A45-B4CD-5C9ED2E0596F}.Release|x86.Build.0 = Release|Win32
		{4A0EB443-599C-45C1-8B2B-E86AAF80C44A}.Debug|x64.ActiveCfg = Debug|x64
		{4A0EB443-599C-45C1-8B2B-E86AAF80C44A}.Debug|x64.Build.0 = Debug|x64
		{4A0EB443-599C-45C1-8B2B-E86AAF80C44A}.Debug|x86.ActiveCfg = Debug|Win32
		{4A0EB443-599C-45C1-8B2B-E86AAF80C44A}.Debug|x86.Build.0 = Debug|Win32
		{4A0EB443-599C-45C1-8B2B-E86AAF80C44A}.Release|x64.ActiveCfg = Release|x64
		{4A0EB443-599C-45C1-8B2B-E86AAF80C44A}.Release|x64.Build.0 = Release|x64
		{4A0EB443-599C-45C1-8B2B-E86AAF80C44A}.Release|x86.ActiveCfg = Release|Win32
		{4A0EB443-599C-45C1-8B2B-E86AAF80C44A}.Release|x86.Build.0 = Release|Win32
		{0BEB2E9B-F68F-488B-8E61-DF2103C74A7A}.Debug|x64.ActiveCfg = Debug|x64
		{0BEB2E9B-F68F-488B-8E61-DF2103C74A7A}.Debug|x64.Build.0 = Debug|x64
		{0BEB2E9B-F68F-488B-8E61-DF2103C74A7A}.Debug|x86.ActiveCfg = Debug|Win32
		{0BEB2E9B-F68F-488B-8E61-DF2103C74A7A}.Debug|x86.Build.0 = Debug|Win32
		{0BEB2E9B-F68F-488B-8E61-DF2103C74A7A}.Release|x64.ActiveCfg = Release|x64
		{0BEB2E9B-F68F-488B-8E61-DF2103C74A7A}.Release|x64.Build.0 = Release|x64
		{0BEB2E9B-F68F-488B-8E61-DF2103C74A7A}.Release|x86.ActiveCfg = Release|Win32
		{0BEB2E9B-F68F-488B-8E61-DF2103C74A7A}.Release|x86.Build.0 = Release|Win32
		{21296459-2DE1-41EE-8DEF-E823A5DD12A1}.Debug|x64.ActiveCfg = Debug|x64
		{21296459-2DE1-41EE-8DEF-E823A5DD12A1}.Debug|x64.Build.0 = Debug|x64
		{21296459-2DE1-41EE-8DEF-E823A5DD12A1}.Debug|x86.ActiveCfg = Debug|Win32
		{21296459-2DE1-41EE-8DEF-E823A5DD12A1}.Debug|x86.Build.0 = Debug|Win32
		{21296459-2DE1-41EE-8DEF-E823A5DD12A1}.Release|x64.ActiveCfg = Release|x64
		{21296459-2DE1-41EE-8DEF-E823A5DD12A1}.Release|x64.Build.0 = Release|x64
		{21296459-2DE1-41EE-8DEF-E823A5DD12A1}.Release|x86.ActiveCfg = Release|Win32
		{21296459-2DE1-41EE-8DEF-E823A5DD12A1}.Release|x86.Build.0 = Release|Win32
		{9B0B9D4C-7244-4BC4-B847-7D71E1E2D5C9}.Debug|x64.ActiveCfg = Debug|x64
		{9B0B9D4C-7244-4BC4-B847-7D71E1E2D5C9}.Debug|x64.Build.0 = Debug|x64
		{9B0B9D4C-7244-4BC4-B847-7D71E1E2D5C9}.Debug|x86.ActiveCfg = Debug|Win32
		{9B0B9D4C-7244-4BC4-B847-7D71E1E2D5C9}.Debug|x86.Build.0 = Debug|Win32
		{9B0B9D4C-7244-4BC4-B847-7D71E1E2D5C9}.Release|x64.ActiveCfg = Release|x64
		{9B0B9D4C-7244-4BC4-B847-7D71E1E2D5C9}.Release|x64.Build.0 = Release|x64
		{9B0B9D4C-7244-4BC4-B847-7D71E1E2D5C9}.Release|x86.ActiveCfg = Release|Win32
		{9B0B9D4C-7244-4BC4-B847-7D71E1E2D5C9}.Release|x86.Build.0 = Release|Win32
		{6A307E10-761C-44EC-9262-0E9DFE57943F}.Debug|x64.ActiveCfg = Debug|x64
		{6A307E10-761C-44EC-9262-0E9DFE57943F}.Debug|x64.Build.0 = Debug|x64
		{6A307E10-761C-44EC-9262-0E9DFE57943F}.Debug|x86.ActiveCfg = Debug|Win32
		{6A307E10-761C-44EC-9262-0E9DFE57943F}.Debug|x86.Build.0 = Debug|Win32
		{6A307E10-761C-44EC-9262-0E9DFE57943F}.Release|x64.ActiveCfg = Release|x64
		{6A307E10-761C-44EC-9262-0E9DFE57943F}.Release|x64.Build.0 = Release|x64
		{6A307E10-761C-44EC-9262-0E9DFE57943F}.Release|x86.ActiveCfg = Release|Win32
		{6A307E10-761C-44EC-9262-0E9DFE57943F}.Release|x86.Build.0 = Release|Win32
		{59D560E7-907A-4FD3-B4EE-219F31025619}.Debug|x64.ActiveCfg = Debug|x64
		{59D560E7-907A-4FD3-B4EE-219F31025619}.Debug|x64.Build.0 = Debug|x64
		{59D560E7-907A-4FD3-B4EE-219F31025619}.Debug|x86.ActiveCfg = Debug|Win32
		{59D560E7-907A-4FD3-B4EE-219F31025619}.Debug|x86.Build.0 = Debug|Win32
		{59D560E7-907A-4FD3-B4EE-219F31025619}.Release|x64.ActiveCfg = Release|x64
		{59D560E7-907A-4FD3-B4EE-219F31025619}.Release|x64.Build.0 = Release|x64
		{59D560E7-907A-4FD3-B4EE-219F31025619}.Release|x86.ActiveCfg = Release|Win32
		{59D560E7-907A-4FD3-B4EE-219F31025619}.Release|x86.Build.0 = Release|Win32
	EndGlobalSection
	GlobalSection(SolutionProperties) = preSolution
		HideSolutionNode = FALSE
	EndGlobalSection
	GlobalSection(ExtensibilityGlobals) = postSolution
		SolutionGuid = {F59888A4-CEFC-4C28-86FE-A5ACBCAA5361}
	EndGlobalSection
EndGlobal
